
Microsoft Visual Studio Solution File, Format Version 12.00
# Visual Studio Version 17
VisualStudioVersion = 17.5.33502.453
MinimumVisualStudioVersion = 10.0.40219.1
Project("{FAE04EC0-301F-11D3-BF4B-00C04F79EFBC}") = "StockManagement", "StockManagement\StockManagement.csproj", "{62990F70-8F44-4590-A332-C3D971F91695}"
EndProject
Global
	GlobalSection(SolutionConfigurationPlatforms) = preSolution
		Debug|Any CPU = Debug|Any CPU
		Release|Any CPU = Release|Any CPU
	EndGlobalSection
	GlobalSection(ProjectConfigurationPlatforms) = postSolution
		{62990F70-8F44-4590-A332-C3D971F91695}.Debug|Any CPU.ActiveCfg = Debug|Any CPU
		{62990F70-8F44-4590-A332-C3D971F91695}.Debug|Any CPU.Build.0 = Debug|Any CPU
		{62990F70-8F44-4590-A332-C3D971F91695}.Release|Any CPU.ActiveCfg = Release|Any CPU
		{62990F70-8F44-4590-A332-C3D971F91695}.Release|Any CPU.Build.0 = Release|Any CPU
	EndGlobalSection
	GlobalSection(SolutionProperties) = preSolution
		HideSolutionNode = FALSE
	EndGlobalSection
	GlobalSection(ExtensibilityGlobals) = postSolution
		SolutionGuid = {54DE1098-C427-4C64-88EC-2F2B4D0FF9A0}
	EndGlobalSection
EndGlobal
